github.com/bep/hugo-mod-misc/common-partials v0.1.0 h1:SiGnrf9MW1aFczXpXPTDpsGr3SvimIaBXMpZucPxT+g=
github.com/bep/hugo-mod-misc/common-partials v0.1.0/go.mod h1:lw2586uqPfye9yTYgSyvZwU3dfpZcjDXmIOJeR4D6O0=
github.com/toozej/gallerydeluxe v0.0.0-20251130205631-214773060c7a h1:QKZuzTpHl5AZQbroY5Ne+nl4E6VTuxnupdgRGcpexAI=
github.com/toozej/gallerydeluxe v0.0.0-20251130205631-214773060c7a/go.mod h1:yUKpYHRwBPLY96z82R+/6ecxsn5ChXP3QLhUZJiX3z4=
github.com/toozej/gallerydeluxe v0.0.0-20260402033519-62ad47a3d227 h1:JlH3Bux/kFmffzpQCt0Y8gKADB9BRUuF7760mWuBkGo=
github.com/toozej/gallerydeluxe v0.0.0-20260402033519-62ad47a3d227/go.mod h1:yUKpYHRwBPLY96z82R+/6ecxsn5ChXP3QLhUZJiX3z4=